{
  "version": 2,
  "dependencies": {
    ".NETFramework,Version=v4.8": {
      "LanguageServerProtocol": {
        "type": "Direct",
        "requested": "[7.0.0, )",
        "resolved": "7.0.0",
        "contentHash": "QQqtJUjjkTP6ne/9T9g2Xf/VJf08pWyBefRB0/lRDDE/4wEseme7SZsU34hlfBONR2pX54qi8qJzFbPMDV4Nwg==",
        "dependencies": {
          "Matarillo.IO": "1.0.0",
          "Newtonsoft.Json": "10.0.2"
        }
      },
      "System.Console": {
        "type": "Direct",
        "requested": "[4.3.0, )",
        "resolved": "4.3.0",
        "contentHash": "DHDrIxiqk1h03m6khKWV2X8p/uvN79rgSqpilL6uzpmSfxfU5ng8VcPtW4qsDsQDHiTv6IPV9TmD5M/vElPNLg=="
      },
      "Matarillo.IO": {
        "type": "Transitive",
        "resolved": "1.0.0",
        "contentHash": "yaIn425KKCN+ZvNUNkFZ1Ie5zUIqrPk0Egd/5iy8I0gWmH//r/Lj+LpluMD9c4DtRlzhy0d4eFWhM+uON6dHeg=="
      },
      "Newtonsoft.Json": {
        "type": "CentralTransitive",
        "requested": "[13.0.3, )",
        "resolved": "13.0.3",
        "contentHash": "HrC5BXdl00IP9zeV+0Z848QWPAoCr9P3bDEZguI+gkLcBKAOxix/tLEAAHC+UvDNPv4a2d18lOReHMOagPa+zQ=="
      }
    },
    ".NETFramework,Version=v4.8/win": {},
    ".NETFramework,Version=v4.8/win-arm64": {},
    ".NETFramework,Version=v4.8/win-x64": {},
    ".NETFramework,Version=v4.8/win-x86": {}
  }
}